
Microsoft Visual Studio Solution File, Format Version 12.00
# Visual Studio Version 17
VisualStudioVersion = 17.9.34723.18
MinimumVisualStudioVersion = 10.0.40219.1
Project("{FAE04EC0-301F-11D3-BF4B-00C04F79EFBC}") = "Ignateva_Glazki-save", "Ignateva_Glazki-save\Ignateva_Glazki-save.csproj", "{F1C9F419-C9DF-476A-9801-F1E98C4707A9}"
EndProject
Global
	GlobalSection(SolutionConfigurationPlatforms) = preSolution
		Debug|Any CPU = Debug|Any CPU
		Release|Any CPU = Release|Any CPU
	EndGlobalSection
	GlobalSection(ProjectConfigurationPlatforms) = postSolution
		{F1C9F419-C9DF-476A-9801-F1E98C4707A9}.Debug|Any CPU.ActiveCfg = Debug|Any CPU
		{F1C9F419-C9DF-476A-9801-F1E98C4707A9}.Debug|Any CPU.Build.0 = Debug|Any CPU
		{F1C9F419-C9DF-476A-9801-F1E98C4707A9}.Release|Any CPU.ActiveCfg = Release|Any CPU
		{F1C9F419-C9DF-476A-9801-F1E98C4707A9}.Release|Any CPU.Build.0 = Release|Any CPU
	EndGlobalSection
	GlobalSection(SolutionProperties) = preSolution
		HideSolutionNode = FALSE
	EndGlobalSection
	GlobalSection(ExtensibilityGlobals) = postSolution
		SolutionGuid = {09958C46-6D0B-4536-B80B-07B84C75D95A}
	EndGlobalSection
EndGlobal
